<?xml version="1.0" encoding="utf-8"?>
<Project ToolsVersion="4.0" xmlns="http://schemas.microsoft.com/developer/msbuild/2003">
  <ItemGroup>
    <Filter Include="OpenCL Files">
      <UniqueIdentifier>{6bd1151c-3a9c-429a-9e36-98079ac9456a}</UniqueIdentifier>
    </Filter>
    <Filter Include="Header Files">
      <UniqueIdentifier>{5d4f62ee-0786-4d3b-827e-cb9def6813e3}</UniqueIdentifier>
    </Filter>
    <Filter Include="Source Files">
      <UniqueIdentifier>{30f43826-cb8e-441a-b665-f2c37b372186}</UniqueIdentifier>
    </Filter>
    <Filter Include="Other Files">
      <UniqueIdentifier>{eab5295b-c478-4700-a174-9408e4b514be}</UniqueIdentifier>
    </Filter>
  </ItemGroup>
  <ItemGroup>
    <ClCompile Include="Eval.cpp">
      <Filter>Source Files</Filter>
    </ClCompile>
    <ClCompile Include="Globals.cpp">
      <Filter>Source Files</Filter>
    </ClCompile>
    <ClCompile Include="Model.cpp">
      <Filter>Source Files</Filter>
    </ClCompile>
    <ClCompile Include="stdafx.cpp">
      <Filter>Source Files</Filter>
    </ClCompile>
    <ClCompile Include="utils.cpp">
      <Filter>Source Files</Filter>
    </ClCompile>
    <ClCompile Include="PolarGridMap.cpp">
      <Filter>Source Files</Filter>
    </ClCompile>
    <ClCompile Include="Seed.cpp">
      <Filter>Source Files</Filter>
    </ClCompile>
    <ClCompile Include="Test.cpp">
      <Filter>Source Files</Filter>
    </ClCompile>
    <ClCompile Include="Segment.cpp">
      <Filter>Source Files</Filter>
    </ClCompile>
    <ClCompile Include="Result.cpp">
      <Filter>Source Files</Filter>
    </ClCompile>
    <ClCompile Include="basic.cpp">
      <Filter>Source Files</Filter>
    </ClCompile>
  </ItemGroup>
  <ItemGroup>
    <ClInclude Include="Eval.h">
      <Filter>Header Files</Filter>
    </ClInclude>
    <ClInclude Include="stdafx.h">
      <Filter>Header Files</Filter>
    </ClInclude>
    <ClInclude Include="utils.h">
      <Filter>Header Files</Filter>
    </ClInclude>
    <ClInclude Include="Seed.h">
      <Filter>Header Files</Filter>
    </ClInclude>
    <ClInclude Include="PolarGridMap.h">
      <Filter>Header Files</Filter>
    </ClInclude>
    <ClInclude Include="Test.h">
      <Filter>Header Files</Filter>
    </ClInclude>
    <ClInclude Include="Segment.h">
      <Filter>Header Files</Filter>
    </ClInclude>
    <ClInclude Include="Model.h">
      <Filter>Header Files</Filter>
    </ClInclude>
    <ClInclude Include="Globals.h">
      <Filter>Header Files</Filter>
    </ClInclude>
    <ClInclude Include="Result.h">
      <Filter>Header Files</Filter>
    </ClInclude>
    <ClInclude Include="targetver.h">
      <Filter>Header Files</Filter>
    </ClInclude>
    <ClInclude Include="basic.hpp">
      <Filter>Header Files</Filter>
    </ClInclude>
  </ItemGroup>
  <ItemGroup>
    <None Include="allKernels.cl">
      <Filter>OpenCL Files</Filter>
    </None>
    <None Include="run_model.bat">
      <Filter>Other Files</Filter>
    </None>
  </ItemGroup>
</Project>